{
  "nodes": {
    "agenix": {
      "inputs": {
        "darwin": [],
        "home-manager": [],
        "nixpkgs": [
          "nixpkgs"
        ],
        "systems": [
          "lix-module",
          "flake-utils",
          "systems"
        ]
      },
      "locked": {
        "lastModified": 1736955230,
        "narHash": "sha256-uenf8fv2eG5bKM8C/UvFaiJMZ4IpUFaQxk9OH5t/1gA=",
        "owner": "ryantm",
        "repo": "agenix",
        "rev": "e600439ec4c273cf11e06fe4d9d906fb98fa097c",
        "type": "github"
      },
      "original": {
        "owner": "ryantm",
        "repo": "agenix",
        "type": "github"
      }
    },
    "catppuccin": {
      "inputs": {
        "nixpkgs": [
          "nixpkgs"
        ]
      },
      "locked": {
        "lastModified": 1742599566,
        "narHash": "sha256-xr6ntmiUPXSh9o9mJ7og9vxALMQs1EQhIhWUAO2D1M0=",
        "owner": "catppuccin",
        "repo": "nix",
        "rev": "5e303e8d7e251868fa79f83bbda69da90aa62402",
        "type": "github"
      },
      "original": {
        "owner": "catppuccin",
        "repo": "nix",
        "type": "github"
      }
    },
    "codeberg-infra": {
      "flake": false,
      "locked": {
        "lastModified": 1742379367,
        "narHash": "sha256-b5VVOrp/zah/OEEFWnOVDZuur+cLj8TsomoQ8pKwuZA=",
        "rev": "65a1fcb58a3159477b37b36cabc715a422e35884",
        "type": "tarball",
        "url": "https://codeberg.org/api/v1/repos/Codeberg-Infrastructure/build-deploy-forgejo/archive/65a1fcb58a3159477b37b36cabc715a422e35884.tar.gz"
      },
      "original": {
        "type": "tarball",
        "url": "https://codeberg.org/Codeberg-Infrastructure/build-deploy-forgejo/archive/codeberg-10.tar.gz"
      }
    },
    "crane": {
      "locked": {
        "lastModified": 1741148495,
        "narHash": "sha256-EV8KUaIZ2/CdBXlutXrHoZYbWPeB65p5kKZk71gvDRI=",
        "owner": "ipetkov",
        "repo": "crane",
        "rev": "75390a36cd0c2cdd5f1aafd8a9f827d7107f2e53",
        "type": "github"
      },
      "original": {
        "owner": "ipetkov",
        "repo": "crane",
        "type": "github"
      }
    },
    "flake-parts": {
      "inputs": {
        "nixpkgs-lib": [
          "nixpkgs"
        ]
      },
      "locked": {
        "lastModified": 1741352980,
        "narHash": "sha256-+u2UunDA4Cl5Fci3m7S643HzKmIDAe+fiXrLqYsR2fs=",
        "owner": "hercules-ci",
        "repo": "flake-parts",
        "rev": "f4330d22f1c5d2ba72d3d22df5597d123fdb60a9",
        "type": "github"
      },
      "original": {
        "owner": "hercules-ci",
        "repo": "flake-parts",
        "type": "github"
      }
    },
    "flake-utils": {
      "inputs": {
        "systems": "systems"
      },
      "locked": {
        "lastModified": 1731533236,
        "narHash": "sha256-l0KFg5HjrsfsO/JpG+r7fRrqm12kzFHyUHqHCVpMMbI=",
        "owner": "numtide",
        "repo": "flake-utils",
        "rev": "11707dc2f618dd54ca8739b309ec4fc024de578b",
        "type": "github"
      },
      "original": {
        "owner": "numtide",
        "repo": "flake-utils",
        "type": "github"
      }
    },
    "getchpkgs": {
      "inputs": {
        "nixpkgs": [
          "nixpkgs"
        ]
      },
      "locked": {
        "lastModified": 1742604732,
        "narHash": "sha256-LLfRC+LvldhOmglwPsAz9DwmBZkplKL91Qdfi1yd9SM=",
        "owner": "getchoo",
        "repo": "getchpkgs",
        "rev": "322b630b7f15ef325f3293451af52ba76847396e",
        "type": "github"
      },
      "original": {
        "owner": "getchoo",
        "repo": "getchpkgs",
        "type": "github"
      }
    },
    "getchvim": {
      "inputs": {
        "nixpkgs": [
          "nixpkgs"
        ]
      },
      "locked": {
        "lastModified": 1743386948,
        "narHash": "sha256-vG4CRYMLhn6vGaYsYm6P5pItdAjI9Q3ozB7RrHoFi2E=",
        "owner": "getchoo",
        "repo": "getchvim",
        "rev": "fb01fd764b73372bdf91b9fb1ae2d02e469f0216",
        "type": "github"
      },
      "original": {
        "owner": "getchoo",
        "repo": "getchvim",
        "type": "github"
      }
    },
    "home-manager": {
      "inputs": {
        "nixpkgs": [
          "nixpkgs"
        ]
      },
      "locked": {
        "lastModified": 1743136572,
        "narHash": "sha256-uwaVrKgi6g1TUq56247j6QvvFtYHloCkjCrEpGBvV54=",
        "owner": "nix-community",
        "repo": "home-manager",
        "rev": "1efd2503172016a6742c87b47b43ca2c8145607d",
        "type": "github"
      },
      "original": {
        "owner": "nix-community",
        "repo": "home-manager",
        "type": "github"
      }
    },
    "krunner-nix": {
      "inputs": {
        "nixpkgs": [
          "nixpkgs"
        ]
      },
      "locked": {
        "lastModified": 1696278906,
        "narHash": "sha256-z2tbFXMC+nSN7vhn2WSoMVdViolucLeoDSfOfnRcmCE=",
        "owner": "pluiedev",
        "repo": "krunner-nix",
        "rev": "8a819944620db8eab35e7dbb14d1916c9e7a478d",
        "type": "github"
      },
      "original": {
        "owner": "pluiedev",
        "repo": "krunner-nix",
        "type": "github"
      }
    },
    "lanzaboote": {
      "inputs": {
        "crane": "crane",
        "flake-compat": [],
        "flake-parts": [
          "flake-parts"
        ],
        "nixpkgs": [
          "nixpkgs"
        ],
        "pre-commit-hooks-nix": [],
        "rust-overlay": "rust-overlay"
      },
      "locked": {
        "lastModified": 1741442524,
        "narHash": "sha256-tVcxLDLLho8dWcO81Xj/3/ANLdVs0bGyCPyKjp70JWk=",
        "owner": "nix-community",
        "repo": "lanzaboote",
        "rev": "d8099586d9a84308ffedac07880e7f07a0180ff4",
        "type": "github"
      },
      "original": {
        "owner": "nix-community",
        "repo": "lanzaboote",
        "type": "github"
      }
    },
    "lix": {
      "flake": false,
      "locked": {
        "lastModified": 1743192532,
        "narHash": "sha256-7KjHia6J1/DlH5qVirINMwsR6NiCXAXZYAc+4QyInT0=",
        "rev": "a6adaab2bcb87ce5f71ad6c78dd6c03c920f159a",
        "type": "tarball",
        "url": "https://git.lix.systems/api/v1/repos/lix-project/lix/archive/a6adaab2bcb87ce5f71ad6c78dd6c03c920f159a.tar.gz"
      },
      "original": {
        "type": "tarball",
        "url": "https://git.lix.systems/lix-project/lix/archive/main.tar.gz"
      }
    },
    "lix-module": {
      "inputs": {
        "flake-utils": "flake-utils",
        "flakey-profile": [],
        "lix": [
          "lix"
        ],
        "nixpkgs": [
          "nixpkgs"
        ]
      },
      "locked": {
        "lastModified": 1742945498,
        "narHash": "sha256-MB/b/xcDKqaVBxJIIxwb81r8ZiGLeKEcqokATRRroo8=",
        "rev": "fa69ae26cc32dda178117b46487c2165c0e08316",
        "type": "tarball",
        "url": "https://git.lix.systems/api/v1/repos/lix-project/nixos-module/archive/fa69ae26cc32dda178117b46487c2165c0e08316.tar.gz"
      },
      "original": {
        "type": "tarball",
        "url": "https://git.lix.systems/lix-project/nixos-module/archive/main.tar.gz"
      }
    },
    "moyai-bot": {
      "inputs": {
        "nixpkgs": [
          "nixpkgs"
        ]
      },
      "locked": {
        "lastModified": 1742003182,
        "narHash": "sha256-BAWCtGVA2vdWasfHk4bh7bHwkupOZ8X12Viju5HBmrw=",
        "owner": "getchoo",
        "repo": "moyai-bot",
        "rev": "d38a6388a99c6aa2f5756c5e921a132e6c0976a7",
        "type": "github"
      },
      "original": {
        "owner": "getchoo",
        "repo": "moyai-bot",
        "type": "github"
      }
    },
    "nix-darwin": {
      "inputs": {
        "nixpkgs": [
          "nixpkgs"
        ]
      },
      "locked": {
        "lastModified": 1743125241,
        "narHash": "sha256-TA/xYqZbBwCCprXf8ABORDsjJy0Idw6OdQNqYQhgKCM=",
        "owner": "LnL7",
        "repo": "nix-darwin",
        "rev": "75f8e4dbc553d3052f917e66ee874f69d49c9981",
        "type": "github"
      },
      "original": {
        "owner": "LnL7",
        "repo": "nix-darwin",
        "type": "github"
      }
    },
    "nix-index-database": {
      "inputs": {
        "nixpkgs": [
          "nixpkgs"
        ]
      },
      "locked": {
        "lastModified": 1742701275,
        "narHash": "sha256-AulwPVrS9859t+eJ61v24wH/nfBEIDSXYxlRo3fL/SA=",
        "owner": "nix-community",
        "repo": "nix-index-database",
        "rev": "36dc43cb50d5d20f90a28d53abb33a32b0a2aae6",
        "type": "github"
      },
      "original": {
        "owner": "nix-community",
        "repo": "nix-index-database",
        "type": "github"
      }
    },
    "nixos-wsl": {
      "inputs": {
        "flake-compat": [],
        "nixpkgs": [
          "nixpkgs"
        ]
      },
      "locked": {
        "lastModified": 1743125458,
        "narHash": "sha256-0z+5AMacL2Eqo92fAd0eCWeKVecWrxPJwd5/BIfcdJ8=",
        "owner": "nix-community",
        "repo": "NixOS-WSL",
        "rev": "394c77f61ac76399290bfc2ef9d47b1fba31b215",
        "type": "github"
      },
      "original": {
        "owner": "nix-community",
        "repo": "NixOS-WSL",
        "type": "github"
      }
    },
    "nixpkgs": {
      "locked": {
        "lastModified": 1743583204,
        "narHash": "sha256-F7n4+KOIfWrwoQjXrL2wD9RhFYLs2/GGe/MQY1sSdlE=",
        "owner": "NixOS",
        "repo": "nixpkgs",
        "rev": "2c8d3f48d33929642c1c12cd243df4cc7d2ce434",
        "type": "github"
      },
      "original": {
        "owner": "NixOS",
        "ref": "nixos-unstable",
        "repo": "nixpkgs",
        "type": "github"
      }
    },
    "nixpkgs-stable": {
      "locked": {
        "lastModified": 1743576891,
        "narHash": "sha256-vXiKURtntURybE6FMNFAVpRPr8+e8KoLPrYs9TGuAKc=",
        "owner": "NixOS",
        "repo": "nixpkgs",
        "rev": "44a69ed688786e98a101f02b712c313f1ade37ab",
        "type": "github"
      },
      "original": {
        "owner": "NixOS",
        "ref": "nixos-24.11",
        "repo": "nixpkgs",
        "type": "github"
      }
    },
    "nixpkgs-tracker-bot": {
      "inputs": {
        "nixpkgs": [
          "nixpkgs"
        ],
        "treefmt-nix": []
      },
      "locked": {
        "lastModified": 1743386885,
        "narHash": "sha256-3Y3z7ZqRzzUHYM6Sg/hkIzECzN9dfukXVSzkXjPdRrs=",
        "owner": "getchoo",
        "repo": "nixpkgs-tracker-bot",
        "rev": "f13e56b26633e9da9896da36a75becc850480bc8",
        "type": "github"
      },
      "original": {
        "owner": "getchoo",
        "repo": "nixpkgs-tracker-bot",
        "type": "github"
      }
    },
    "openwrt-imagebuilder": {
      "inputs": {
        "flake-parts": [
          "flake-parts"
        ],
        "nixpkgs": [
          "nixpkgs"
        ],
        "systems": [
          "agenix",
          "systems"
        ]
      },
      "locked": {
        "lastModified": 1743155179,
        "narHash": "sha256-kmSuWln1tDotT3ZwcV3oqgGZKbX8i/5TXq2yBaL0wX0=",
        "owner": "astro",
        "repo": "nix-openwrt-imagebuilder",
        "rev": "a731425b32a0e0d5b75acdb6a8f0bfcdb64c8c3c",
        "type": "github"
      },
      "original": {
        "owner": "astro",
        "repo": "nix-openwrt-imagebuilder",
        "type": "github"
      }
    },
    "root": {
      "inputs": {
        "agenix": "agenix",
        "catppuccin": "catppuccin",
        "codeberg-infra": "codeberg-infra",
        "flake-parts": "flake-parts",
        "getchpkgs": "getchpkgs",
        "getchvim": "getchvim",
        "home-manager": "home-manager",
        "krunner-nix": "krunner-nix",
        "lanzaboote": "lanzaboote",
        "lix": "lix",
        "lix-module": "lix-module",
        "moyai-bot": "moyai-bot",
        "nix-darwin": "nix-darwin",
        "nix-index-database": "nix-index-database",
        "nixos-wsl": "nixos-wsl",
        "nixpkgs": "nixpkgs",
        "nixpkgs-stable": "nixpkgs-stable",
        "nixpkgs-tracker-bot": "nixpkgs-tracker-bot",
        "openwrt-imagebuilder": "openwrt-imagebuilder"
      }
    },
    "rust-overlay": {
      "inputs": {
        "nixpkgs": [
          "lanzaboote",
          "nixpkgs"
        ]
      },
      "locked": {
        "lastModified": 1741228283,
        "narHash": "sha256-VzqI+k/eoijLQ5am6rDFDAtFAbw8nltXfLBC6SIEJAE=",
        "owner": "oxalica",
        "repo": "rust-overlay",
        "rev": "38e9826bc4296c9daf18bc1e6aa299f3e932a403",
        "type": "github"
      },
      "original": {
        "owner": "oxalica",
        "repo": "rust-overlay",
        "type": "github"
      }
    },
    "systems": {
      "locked": {
        "lastModified": 1681028828,
        "narHash": "sha256-Vy1rq5AaRuLzOxct8nz4T6wlgyUR7zLU309k9mBC768=",
        "owner": "nix-systems",
        "repo": "default",
        "rev": "da67096a3b9bf56a91d16901293e51ba5b49a27e",
        "type": "github"
      },
      "original": {
        "owner": "nix-systems",
        "repo": "default",
        "type": "github"
      }
    }
  },
  "root": "root",
  "version": 7
}
