{
  "nodes": {
    "agenix": {
      "inputs": {
        "darwin": [],
        "home-manager": [],
        "nixpkgs": [
          "nixpkgs"
        ],
        "systems": [
          "lix-module",
          "flake-utils",
          "systems"
        ]
      },
      "locked": {
        "lastModified": 1762618334,
        "narHash": "sha256-wyT7Pl6tMFbFrs8Lk/TlEs81N6L+VSybPfiIgzU8lbQ=",
        "owner": "ryantm",
        "repo": "agenix",
        "rev": "fcdea223397448d35d9b31f798479227e80183f6",
        "type": "github"
      },
      "original": {
        "owner": "ryantm",
        "repo": "agenix",
        "type": "github"
      }
    },
    "catppuccin": {
      "inputs": {
        "nixpkgs": [
          "nixpkgs"
        ]
      },
      "locked": {
        "lastModified": 1765485905,
        "narHash": "sha256-fk6zFzzcwz6su99K7UTxS2497+z/Cdk3FzNsacsmZKA=",
        "owner": "catppuccin",
        "repo": "nix",
        "rev": "b49c675acd80931fc8b54290920a90189b461dcf",
        "type": "github"
      },
      "original": {
        "owner": "catppuccin",
        "repo": "nix",
        "type": "github"
      }
    },
    "codeberg-infra": {
      "flake": false,
      "locked": {
        "lastModified": 1743631180,
        "narHash": "sha256-S3vrldnKA+cbacQ0nlFEjyylEwe5boSflWkCOyU07wU=",
        "rev": "026b1b93491b1a3356a96c7b3fd85ea5a588fedd",
        "type": "tarball",
        "url": "https://codeberg.org/api/v1/repos/Codeberg-Infrastructure/build-deploy-forgejo/archive/026b1b93491b1a3356a96c7b3fd85ea5a588fedd.tar.gz?rev=026b1b93491b1a3356a96c7b3fd85ea5a588fedd"
      },
      "original": {
        "type": "tarball",
        "url": "https://codeberg.org/Codeberg-Infrastructure/build-deploy-forgejo/archive/codeberg-10.tar.gz"
      }
    },
    "crane": {
      "locked": {
        "lastModified": 1765145449,
        "narHash": "sha256-aBVHGWWRzSpfL++LubA0CwOOQ64WNLegrYHwsVuVN7A=",
        "owner": "ipetkov",
        "repo": "crane",
        "rev": "69f538cdce5955fcd47abfed4395dc6d5194c1c5",
        "type": "github"
      },
      "original": {
        "owner": "ipetkov",
        "repo": "crane",
        "type": "github"
      }
    },
    "flake-parts": {
      "inputs": {
        "nixpkgs-lib": [
          "nixpkgs"
        ]
      },
      "locked": {
        "lastModified": 1765495779,
        "narHash": "sha256-MhA7wmo/7uogLxiewwRRmIax70g6q1U/YemqTGoFHlM=",
        "owner": "hercules-ci",
        "repo": "flake-parts",
        "rev": "5635c32d666a59ec9a55cab87e898889869f7b71",
        "type": "github"
      },
      "original": {
        "owner": "hercules-ci",
        "repo": "flake-parts",
        "type": "github"
      }
    },
    "flake-utils": {
      "inputs": {
        "systems": "systems"
      },
      "locked": {
        "lastModified": 1731533236,
        "narHash": "sha256-l0KFg5HjrsfsO/JpG+r7fRrqm12kzFHyUHqHCVpMMbI=",
        "owner": "numtide",
        "repo": "flake-utils",
        "rev": "11707dc2f618dd54ca8739b309ec4fc024de578b",
        "type": "github"
      },
      "original": {
        "owner": "numtide",
        "repo": "flake-utils",
        "type": "github"
      }
    },
    "getchpkgs": {
      "inputs": {
        "nixpkgs": [
          "nixpkgs"
        ]
      },
      "locked": {
        "lastModified": 1765587860,
        "narHash": "sha256-45KAH3JjruGY/1xczCK4q6bAYtPQ8+XjynNrbogHid0=",
        "owner": "getchoo",
        "repo": "getchpkgs",
        "rev": "e0dec985d6082353274f8b0e3920f2a4b9c2a22b",
        "type": "github"
      },
      "original": {
        "owner": "getchoo",
        "repo": "getchpkgs",
        "type": "github"
      }
    },
    "getchvim": {
      "inputs": {
        "nixpkgs": [
          "nixpkgs"
        ]
      },
      "locked": {
        "lastModified": 1765589895,
        "narHash": "sha256-lP0ru/6YnTT5eo9DbyAPR+8zIp41NFmKG31WOwF07lI=",
        "owner": "getchoo",
        "repo": "getchvim",
        "rev": "fd817081989fc18a822096e35337a412999949d8",
        "type": "github"
      },
      "original": {
        "owner": "getchoo",
        "repo": "getchvim",
        "type": "github"
      }
    },
    "home-manager": {
      "inputs": {
        "nixpkgs": [
          "nixpkgs"
        ]
      },
      "locked": {
        "lastModified": 1765682243,
        "narHash": "sha256-yeCxFV/905Wr91yKt5zrVvK6O2CVXWRMSrxqlAZnLp0=",
        "owner": "nix-community",
        "repo": "home-manager",
        "rev": "58bf3ecb2d0bba7bdf363fc8a6c4d49b4d509d03",
        "type": "github"
      },
      "original": {
        "owner": "nix-community",
        "repo": "home-manager",
        "type": "github"
      }
    },
    "lanzaboote": {
      "inputs": {
        "crane": "crane",
        "nixpkgs": [
          "nixpkgs"
        ],
        "pre-commit": [],
        "rust-overlay": [
          "rust-overlay"
        ]
      },
      "locked": {
        "lastModified": 1765382359,
        "narHash": "sha256-RJmgVDzjRI18BWVogG6wpsl1UCuV6ui8qr4DJ1LfWZ8=",
        "owner": "nix-community",
        "repo": "lanzaboote",
        "rev": "e8c096ade12ec9130ff931b0f0e25d2f1bc63607",
        "type": "github"
      },
      "original": {
        "owner": "nix-community",
        "repo": "lanzaboote",
        "type": "github"
      }
    },
    "lix": {
      "flake": false,
      "locked": {
        "lastModified": 1765722016,
        "narHash": "sha256-8k8nTlmgZ23y4291uI8IwpTjleOURZUdTuB+PlLfRq8=",
        "rev": "5157fbaf2cd7eaaa5236801c2f4b409a6f5404df",
        "type": "tarball",
        "url": "https://git.lix.systems/api/v1/repos/lix-project/lix/archive/5157fbaf2cd7eaaa5236801c2f4b409a6f5404df.tar.gz?rev=5157fbaf2cd7eaaa5236801c2f4b409a6f5404df"
      },
      "original": {
        "type": "tarball",
        "url": "https://git.lix.systems/lix-project/lix/archive/main.tar.gz"
      }
    },
    "lix-module": {
      "inputs": {
        "flake-utils": "flake-utils",
        "flakey-profile": [],
        "lix": [
          "lix"
        ],
        "nixpkgs": [
          "nixpkgs"
        ]
      },
      "locked": {
        "lastModified": 1764519849,
        "narHash": "sha256-XnNABKfIYKSimQVvKc9FnlC2H0LurOhd9MS6l0Z67lE=",
        "rev": "6c95c0b6f73f831226453fc6905c216ab634c30f",
        "type": "tarball",
        "url": "https://git.lix.systems/api/v1/repos/lix-project/nixos-module/archive/6c95c0b6f73f831226453fc6905c216ab634c30f.tar.gz?rev=6c95c0b6f73f831226453fc6905c216ab634c30f"
      },
      "original": {
        "type": "tarball",
        "url": "https://git.lix.systems/lix-project/nixos-module/archive/main.tar.gz"
      }
    },
    "moyai-bot": {
      "inputs": {
        "nixpkgs": [
          "nixpkgs"
        ]
      },
      "locked": {
        "lastModified": 1752545707,
        "narHash": "sha256-nqCIZuvAK+CraWaNUyQVmimEV/425C3WUL9bySMhiPo=",
        "owner": "getchoo",
        "repo": "moyai-bot",
        "rev": "5e2a5f4e0187d2b52825ad39ff664465d8aec685",
        "type": "github"
      },
      "original": {
        "owner": "getchoo",
        "repo": "moyai-bot",
        "type": "github"
      }
    },
    "nix": {
      "inputs": {
        "flake-compat": [],
        "flake-parts": [],
        "git-hooks-nix": [],
        "nixpkgs": [
          "nixpkgs"
        ],
        "nixpkgs-23-11": [],
        "nixpkgs-regression": []
      },
      "locked": {
        "lastModified": 1765613394,
        "narHash": "sha256-SaeLFPG1EkwS6OEXCuXE3m+OzhrLf5x0rO/La4mItag=",
        "owner": "NixOS",
        "repo": "nix",
        "rev": "a6eb2e91b70c3ad874c494fe169a498dc432dd44",
        "type": "github"
      },
      "original": {
        "owner": "NixOS",
        "repo": "nix",
        "type": "github"
      }
    },
    "nix-darwin": {
      "inputs": {
        "nixpkgs": [
          "nixpkgs"
        ]
      },
      "locked": {
        "lastModified": 1765684049,
        "narHash": "sha256-svCS2r984qEowMT0y3kCrsD/m0J6zaF5I/UusS7QaH0=",
        "owner": "nix-darwin",
        "repo": "nix-darwin",
        "rev": "9b628e171bfaea1a3d1edf31eee46251e0fe4a33",
        "type": "github"
      },
      "original": {
        "owner": "nix-darwin",
        "repo": "nix-darwin",
        "type": "github"
      }
    },
    "nix-index-database": {
      "inputs": {
        "nixpkgs": [
          "nixpkgs"
        ]
      },
      "locked": {
        "lastModified": 1765267181,
        "narHash": "sha256-d3NBA9zEtBu2JFMnTBqWj7Tmi7R5OikoU2ycrdhQEws=",
        "owner": "nix-community",
        "repo": "nix-index-database",
        "rev": "82befcf7dc77c909b0f2a09f5da910ec95c5b78f",
        "type": "github"
      },
      "original": {
        "owner": "nix-community",
        "repo": "nix-index-database",
        "type": "github"
      }
    },
    "nixos-wsl": {
      "inputs": {
        "flake-compat": [],
        "nixpkgs": [
          "nixpkgs"
        ]
      },
      "locked": {
        "lastModified": 1765644731,
        "narHash": "sha256-dgSPo+NeAwcBeP4Un9GT+SMsOdLAc0DOLP6cFqoMHK8=",
        "owner": "nix-community",
        "repo": "NixOS-WSL",
        "rev": "b160ef46075d8ddc73f026909282d47c0eabb836",
        "type": "github"
      },
      "original": {
        "owner": "nix-community",
        "repo": "NixOS-WSL",
        "type": "github"
      }
    },
    "nixpkgs": {
      "locked": {
        "lastModified": 1765472234,
        "narHash": "sha256-yMgWBfeR/K9Tdk7wSxLZHJ+UUCuPVzu/rk4Ujtp0kDA=",
        "rev": "2fbfb1d73d239d2402a8fe03963e37aab15abe8b",
        "type": "tarball",
        "url": "https://releases.nixos.org/nixos/unstable/nixos-26.05pre910362.2fbfb1d73d23/nixexprs.tar.xz?lastModified=1765472234&rev=2fbfb1d73d239d2402a8fe03963e37aab15abe8b"
      },
      "original": {
        "type": "tarball",
        "url": "https://nixpkgs.dev/channel/nixos-unstable"
      }
    },
    "nixpkgs-stable": {
      "locked": {
        "lastModified": 1765363881,
        "narHash": "sha256-gJCQpFWnp8/S0Xv4+mu+UcWpGJqiVQLoQBTb3VA5wPk=",
        "rev": "d2b1213bf5ec5e62d96b003ab4b5cbc42abfc0d0",
        "type": "tarball",
        "url": "https://releases.nixos.org/nixos/25.05/nixos-25.05.813558.d2b1213bf5ec/nixexprs.tar.xz?lastModified=1765363881&rev=d2b1213bf5ec5e62d96b003ab4b5cbc42abfc0d0"
      },
      "original": {
        "type": "tarball",
        "url": "https://nixpkgs.dev/channel/nixos-25.05"
      }
    },
    "nixpkgs-tracker-bot": {
      "inputs": {
        "nixpkgs": [
          "nixpkgs"
        ],
        "treefmt-nix": []
      },
      "locked": {
        "lastModified": 1765225033,
        "narHash": "sha256-HIK9RgjXPM0OPsj/EOr670Qc6iXdsXpDSJGidTxFrns=",
        "owner": "getchoo",
        "repo": "nixpkgs-tracker-bot",
        "rev": "94198fd97c5ab66232bfb96de95c530388f75ee6",
        "type": "github"
      },
      "original": {
        "owner": "getchoo",
        "repo": "nixpkgs-tracker-bot",
        "type": "github"
      }
    },
    "root": {
      "inputs": {
        "agenix": "agenix",
        "catppuccin": "catppuccin",
        "codeberg-infra": "codeberg-infra",
        "flake-parts": "flake-parts",
        "getchpkgs": "getchpkgs",
        "getchvim": "getchvim",
        "home-manager": "home-manager",
        "lanzaboote": "lanzaboote",
        "lix": "lix",
        "lix-module": "lix-module",
        "moyai-bot": "moyai-bot",
        "nix": "nix",
        "nix-darwin": "nix-darwin",
        "nix-index-database": "nix-index-database",
        "nixos-wsl": "nixos-wsl",
        "nixpkgs": "nixpkgs",
        "nixpkgs-stable": "nixpkgs-stable",
        "nixpkgs-tracker-bot": "nixpkgs-tracker-bot",
        "rust-overlay": "rust-overlay",
        "treefmt-nix": "treefmt-nix"
      }
    },
    "rust-overlay": {
      "inputs": {
        "nixpkgs": [
          "nixpkgs"
        ]
      },
      "locked": {
        "lastModified": 1765680428,
        "narHash": "sha256-fyPmRof9SZeI14ChPk5rVPOm7ISiiGkwGCunkhM+eUg=",
        "owner": "oxalica",
        "repo": "rust-overlay",
        "rev": "eb3898d8ef143d4bf0f7f2229105fc51c7731b2f",
        "type": "github"
      },
      "original": {
        "owner": "oxalica",
        "repo": "rust-overlay",
        "type": "github"
      }
    },
    "systems": {
      "locked": {
        "lastModified": 1681028828,
        "narHash": "sha256-Vy1rq5AaRuLzOxct8nz4T6wlgyUR7zLU309k9mBC768=",
        "owner": "nix-systems",
        "repo": "default",
        "rev": "da67096a3b9bf56a91d16901293e51ba5b49a27e",
        "type": "github"
      },
      "original": {
        "owner": "nix-systems",
        "repo": "default",
        "type": "github"
      }
    },
    "treefmt-nix": {
      "inputs": {
        "nixpkgs": [
          "nixpkgs"
        ]
      },
      "locked": {
        "lastModified": 1762938485,
        "narHash": "sha256-AlEObg0syDl+Spi4LsZIBrjw+snSVU4T8MOeuZJUJjM=",
        "owner": "numtide",
        "repo": "treefmt-nix",
        "rev": "5b4ee75aeefd1e2d5a1cc43cf6ba65eba75e83e4",
        "type": "github"
      },
      "original": {
        "owner": "numtide",
        "repo": "treefmt-nix",
        "type": "github"
      }
    }
  },
  "root": "root",
  "version": 7
}
